
Microsoft Visual Studio Solution File, Format Version 12.00
# Visual Studio Version 17
VisualStudioVersion = 17.6.33815.320
MinimumVisualStudioVersion = 10.0.40219.1
Project("{9A19103F-16F7-4668-BE54-9A1E7A4F7556}") = "Project19", "Project19\Project19.csproj", "{1E5A5F57-53D3-4CA4-AB73-56F283C2F1EE}"
EndProject
Global
	GlobalSection(SolutionConfigurationPlatforms) = preSolution
		Debug|Any CPU = Debug|Any CPU
		Release|Any CPU = Release|Any CPU
	EndGlobalSection
	GlobalSection(ProjectConfigurationPlatforms) = postSolution
		{1E5A5F57-53D3-4CA4-AB73-56F283C2F1EE}.Debug|Any CPU.ActiveCfg = Debug|Any CPU
		{1E5A5F57-53D3-4CA4-AB73-56F283C2F1EE}.Debug|Any CPU.Build.0 = Debug|Any CPU
		{1E5A5F57-53D3-4CA4-AB73-56F283C2F1EE}.Release|Any CPU.ActiveCfg = Release|Any CPU
		{1E5A5F57-53D3-4CA4-AB73-56F283C2F1EE}.Release|Any CPU.Build.0 = Release|Any CPU
	EndGlobalSection
	GlobalSection(SolutionProperties) = preSolution
		HideSolutionNode = FALSE
	EndGlobalSection
	GlobalSection(ExtensibilityGlobals) = postSolution
		SolutionGuid = {3095EA7A-DB84-4D58-B575-3A7EEA6CFE13}
	EndGlobalSection
EndGlobal
